<?xml version="1.0" encoding="utf-8"?>
<Project ToolsVersion="4.0" xmlns="http://schemas.microsoft.com/developer/msbuild/2003">
  <ItemGroup>
    <ClCompile Include="BeatEmUpState.cpp" />
    <ClCompile Include="CheckCollision.cpp" />
    <ClCompile Include="Collision.cpp" />
    <ClCompile Include="DialogBox.cpp" />
    <ClCompile Include="Enemy.cpp" />
    <ClCompile Include="GameManager.cpp" />
    <ClCompile Include="InputComponent.cpp" />
    <ClCompile Include="InputComponentBEU.cpp" />
    <ClCompile Include="LifeComponent.cpp" />
    <ClCompile Include="MovementComponent.cpp" />
    <ClCompile Include="Npc.cpp" />
    <ClCompile Include="PlayerBEU.cpp" />
    <ClCompile Include="PlayerTD.cpp" />
    <ClCompile Include="SkinComponent.cpp" />
    <ClCompile Include="states\GameState.cpp" />
    <ClCompile Include="states\GameStateMachine.cpp" />
    <ClCompile Include="states\MainMenuState.cpp" />
    <ClCompile Include="states\TopDownState.cpp" />
    <ClCompile Include="json\JSON.cpp" />
    <ClCompile Include="json\JSONValue.cpp" />
    <ClCompile Include="sdlutils\SDLUtils.cpp" />
    <ClCompile Include="sdlutils\SoundEffect.cpp" />
    <ClCompile Include="sdlutils\Texture.cpp" />
    <ClCompile Include="TheFifthElement.cpp" />
<<<<<<< Updated upstream
    <ClCompile Include="utils\Component.cpp" />
    <ClCompile Include="utils\Entity.cpp" />
    <ClCompile Include="utils\Manager.cpp" />
    <ClCompile Include="utils\Vector2D.cpp" />
    <ClCompile Include="Class.cpp" />
    <ClCompile Include="EnemyBEU.cpp" />
    <ClCompile Include="EnemyBEUDirectionComponent.cpp" />
=======
    <ClCompile Include="src\utils\Component.cpp" />
    <ClCompile Include="src\utils\Entity.cpp" />
    <ClCompile Include="src\utils\Manager.cpp" />
    <ClCompile Include="src\utils\Vector2D.cpp" />
    <ClCompile Include="src\components\EnemyBEUDirectionComponent.cpp" />
    <ClCompile Include="src\Entities\Portal.cpp" />
    <ClCompile Include="src\Entities\Element.cpp" />
    <ClCompile Include="src\Entities\Background.cpp" />
    <ClCompile Include="src\components\ObjectsComponent.cpp" />
    <ClCompile Include="src\components\Enemy_movementTD_component.cpp" />
    <ClCompile Include="src\Entities\Camera.cpp" />
    <ClCompile Include="src\components\CameraComponent.cpp" />
    <ClCompile Include="src\components\AttackBoxComponent.cpp" />
    <ClCompile Include="src\Game.cpp" />
    <ClCompile Include="ColDetectorComponent.cpp" />
>>>>>>> Stashed changes
  </ItemGroup>
  <ItemGroup>
    <ClInclude Include="BeatEmUpState.h" />
    <ClInclude Include="CheckCollision.h" />
    <ClInclude Include="Collision.h" />
    <ClInclude Include="DialogBox.h" />
    <ClInclude Include="Enemy.h" />
    <ClInclude Include="framework.h" />
    <ClInclude Include="GameManager.h" />
    <ClInclude Include="Image.h" />
    <ClInclude Include="InputComponent.h" />
    <ClInclude Include="InputComponentBEU.h" />
    <ClInclude Include="LifeComponent.h" />
    <ClInclude Include="MovementComponent.h" />
    <ClInclude Include="Npc.h" />
    <ClInclude Include="PlayerBEU.h" />
    <ClInclude Include="PlayerTD.h" />
    <ClInclude Include="SkinComponent.h" />
    <ClInclude Include="states\GameState.h" />
    <ClInclude Include="states\GameStateMachine.h" />
    <ClInclude Include="states\MainMenuState.h" />
    <ClInclude Include="json\JSON.h" />
    <ClInclude Include="json\JSONValue.h" />
    <ClInclude Include="Resource.h" />
    <ClInclude Include="sdlutils\Font.h" />
    <ClInclude Include="sdlutils\InputHandler.h" />
    <ClInclude Include="sdlutils\macros.h" />
    <ClInclude Include="sdlutils\Music.h" />
    <ClInclude Include="sdlutils\RandomNumberGenerator.h" />
    <ClInclude Include="sdlutils\SDLUtils.h" />
    <ClInclude Include="sdlutils\SoundEffect.h" />
    <ClInclude Include="sdlutils\SoundManager.h" />
    <ClInclude Include="sdlutils\Texture.h" />
    <ClInclude Include="sdlutils\VirtualTimer.h" />
    <ClInclude Include="states\TopDownState.h" />
    <ClInclude Include="targetver.h" />
    <ClInclude Include="TheFifthElement.h" />
    <ClInclude Include="Transform.h" />
    <ClInclude Include="utils\checkML.h" />
    <ClInclude Include="utils\Component.h" />
    <ClInclude Include="utils\ecs.h" />
    <ClInclude Include="utils\Entity.h" />
    <ClInclude Include="utils\Manager.h" />
    <ClInclude Include="utils\Singleton.h" />
    <ClInclude Include="utils\Vector2D.h" />
    <ClInclude Include="Class.h" />
    <ClInclude Include="EnemyBEU.h" />
    <ClInclude Include="EnemyBEUDirectionComponent.h" />
  </ItemGroup>
  <ItemGroup>
    <ResourceCompile Include="TheFifthElement.rc" />
  </ItemGroup>
  <ItemGroup>
    <Image Include="small.ico" />
    <Image Include="TheFifthElement.ico" />
  </ItemGroup>
  <ItemGroup>
    <None Include="assets\resources.json" />
  </ItemGroup>
</Project>