<?xml version="1.0" encoding="utf-8"?>
<Project ToolsVersion="4.0" xmlns="http://schemas.microsoft.com/developer/msbuild/2003">
  <ItemGroup>
    <ClCompile Include="src\states\BeatEmUpState.cpp" />
    <ClCompile Include="src\components\CheckCollision.cpp" />
    <ClCompile Include="src\utils\Collision.cpp" />
    <ClCompile Include="src\Entities\DialogBox.cpp" />
    <ClCompile Include="src\Entities\Enemy.cpp" />
    <ClCompile Include="src\GameManager.cpp" />
    <ClCompile Include="src\components\InputComponent.cpp" />
    <ClCompile Include="src\components\InputComponentBEU.cpp" />
    <ClCompile Include="src\components\LifeComponent.cpp" />
    <ClCompile Include="src\components\MovementComponent.cpp" />
    <ClCompile Include="src\Entities\Npc.cpp" />
    <ClCompile Include="src\Entities\PlayerBEU.cpp" />
    <ClCompile Include="src\Entities\PlayerTD.cpp" />
    <ClCompile Include="src\components\SkinComponent.cpp" />
    <ClCompile Include="src\states\GameState.cpp" />
    <ClCompile Include="src\states\GameStateMachine.cpp" />
    <ClCompile Include="src\states\MainMenuState.cpp" />
    <ClCompile Include="src\states\TopDownState.cpp" />
    <ClCompile Include="json\JSON.cpp" />
    <ClCompile Include="json\JSONValue.cpp" />
    <ClCompile Include="src\sdlutils\SDLUtils.cpp" />
    <ClCompile Include="src\sdlutils\SoundEffect.cpp" />
    <ClCompile Include="src\sdlutils\Texture.cpp" />
    <ClCompile Include="TheFifthElement.cpp" />
    <ClCompile Include="src\utils\Component.cpp" />
    <ClCompile Include="src\utils\Entity.cpp" />
    <ClCompile Include="src\utils\Manager.cpp" />
    <ClCompile Include="src\utils\Vector2D.cpp" />
    <ClCompile Include="src\Entities\EnemyBEU.cpp" />
    <ClCompile Include="src\components\EnemyBEUDirectionComponent.cpp" />
    <ClCompile Include="src\Entities\Portal.cpp" />
    <ClCompile Include="src\Entities\Element.cpp" />
    <ClCompile Include="src\Entities\Background.cpp" />
    <ClCompile Include="src\components\ObjectsComponent.cpp" />
    <ClCompile Include="src\components\Enemy_movementTD_component.cpp" />
    <ClCompile Include="src\Entities\Camera.cpp" />
    <ClCompile Include="src\components\CameraComponent.cpp" />
    <ClCompile Include="src\components\AttackBoxComponent.cpp" />
    <ClCompile Include="src\Game.cpp" />
    <ClCompile Include="src\components\ColDetectorComponent.cpp" />
    <ClCompile Include="src\components\LimitBEU.cpp" />
    <ClCompile Include="src\components\Image.cpp" />
    <ClCompile Include="src\components\AnimationEnemyBEUComponent.cpp" />
  </ItemGroup>
  <ItemGroup>
    <ClInclude Include="src\states\BeatEmUpState.h" />
    <ClInclude Include="src\components\CheckCollision.h" />
    <ClInclude Include="src\utils\Collision.h" />
    <ClInclude Include="src\Entities\DialogBox.h" />
    <ClInclude Include="src\Entities\Enemy.h" />
    <ClInclude Include="framework.h" />
    <ClInclude Include="src\GameManager.h" />
    <ClInclude Include="src\components\Image.h" />
    <ClInclude Include="src\components\InputComponent.h" />
    <ClInclude Include="src\components\InputComponentBEU.h" />
    <ClInclude Include="src\components\LifeComponent.h" />
    <ClInclude Include="src\components\MovementComponent.h" />
    <ClInclude Include="src\Entities\Npc.h" />
    <ClInclude Include="src\Entities\PlayerBEU.h" />
    <ClInclude Include="src\Entities\PlayerTD.h" />
    <ClInclude Include="src\components\SkinComponent.h" />
    <ClInclude Include="src\states\GameState.h" />
    <ClInclude Include="src\states\GameStateMachine.h" />
    <ClInclude Include="src\states\MainMenuState.h" />
    <ClInclude Include="json\JSON.h" />
    <ClInclude Include="json\JSONValue.h" />
    <ClInclude Include="Resource.h" />
    <ClInclude Include="src\sdlutils\Font.h" />
    <ClInclude Include="src\sdlutils\InputHandler.h" />
    <ClInclude Include="src\sdlutils\macros.h" />
    <ClInclude Include="src\sdlutils\Music.h" />
    <ClInclude Include="src\sdlutils\RandomNumberGenerator.h" />
    <ClInclude Include="src\sdlutils\SDLUtils.h" />
    <ClInclude Include="src\sdlutils\SoundEffect.h" />
    <ClInclude Include="src\sdlutils\SoundManager.h" />
    <ClInclude Include="src\sdlutils\Texture.h" />
    <ClInclude Include="src\sdlutils\VirtualTimer.h" />
    <ClInclude Include="src\states\TopDownState.h" />
    <ClInclude Include="targetver.h" />
    <ClInclude Include="TheFifthElement.h" />
    <ClInclude Include="src\components\Transform.h" />
    <ClInclude Include="src\utils\checkML.h" />
    <ClInclude Include="src\utils\Component.h" />
    <ClInclude Include="src\utils\ecs.h" />
    <ClInclude Include="src\utils\Entity.h" />
    <ClInclude Include="src\utils\Manager.h" />
    <ClInclude Include="src\utils\Singleton.h" />
    <ClInclude Include="src\utils\Vector2D.h" />
    <ClInclude Include="src\Entities\EnemyBEU.h" />
    <ClInclude Include="src\components\EnemyBEUDirectionComponent.h" />
    <ClInclude Include="src\components\DialogueComponent.h" />
    <ClInclude Include="src\Entities\Portal.h" />
    <ClInclude Include="src\Entities\Element.h" />
    <ClInclude Include="src\Entities\Background.h" />
    <ClInclude Include="src\components\Enemy_movementTD_component.h" />
    <ClInclude Include="src\Entities\Camera.h" />
    <ClInclude Include="src\components\CameraComponent.h" />
    <ClInclude Include="src\utils\Constants.h" />
    <ClInclude Include="src\components\AttackBoxComponent.h" />
    <ClInclude Include="src\Game.h" />
    <ClInclude Include="src\components\ColliderComponent.h" />
    <ClInclude Include="src\components\ColDetectorComponent.h" />
    <ClInclude Include="src\components\LimitBEU.h" />
    <ClInclude Include="src\components\AnimationEnemyBEUComponent.h" />
  </ItemGroup>
  <ItemGroup>
    <ResourceCompile Include="TheFifthElement.rc" />
  </ItemGroup>
  <ItemGroup>
    <Image Include="small.ico" />
    <Image Include="TheFifthElement.ico" />
  </ItemGroup>
  <ItemGroup>
    <None Include="assets\resources.json" />
  </ItemGroup>
</Project>